
Microsoft Visual Studio Solution File, Format Version 12.00
# Visual Studio 14
VisualStudioVersion = 14.0.25420.1
MinimumVisualStudioVersion = 10.0.40219.1
Project("{FAE04EC0-301F-11D3-BF4B-00C04F79EFBC}") = "Xamarians.GPS", "Xamarians.GPS\Xamarians.GPS.csproj", "{67F9D3A8-F71E-4428-913F-C37AE82CDB24}"
EndProject
Project("{FAE04EC0-301F-11D3-BF4B-00C04F79EFBC}") = "Xamarians.GPS.Droid", "Xamarians.GPS.Droid\Xamarians.GPS.Droid.csproj", "{9C30FFDD-C392-48E9-938F-E883B84C079F}"
EndProject
Project("{FAE04EC0-301F-11D3-BF4B-00C04F79EFBC}") = "Xamarians.GPS.iOS", "Xamarians.GPS.iOS\Xamarians.GPS.iOS.csproj", "{8C6B2018-0F78-4270-8CDC-616CD9528382}"
EndProject
Project("{2150E333-8FDC-42A3-9474-1A3956D46DE8}") = "Sample", "Sample", "{BB00FD5C-CF7D-41D0-8B46-FEB23C9A1535}"
EndProject
Project("{FAE04EC0-301F-11D3-BF4B-00C04F79EFBC}") = "GPSTestApp", "GPSTestApp\GPSTestApp\GPSTestApp.csproj", "{7D282FB8-315F-4F84-A659-518D986A276C}"
EndProject
Project("{FAE04EC0-301F-11D3-BF4B-00C04F79EFBC}") = "GPSTestApp.Droid", "GPSTestApp\GPSTestApp.Droid\GPSTestApp.Droid.csproj", "{92BC8FA9-805F-4F81-A7EA-333EC5CCB41F}"
EndProject
Project("{FAE04EC0-301F-11D3-BF4B-00C04F79EFBC}") = "GPSTestApp.iOS", "GPSTestApp\GPSTestApp.iOS\GPSTestApp.iOS.csproj", "{217CBD70-AF82-4FC5-9CD4-7BC51090DAF6}"
EndProject
Global
	GlobalSection(SolutionConfigurationPlatforms) = preSolution
		Ad-Hoc|Any CPU = Ad-Hoc|Any CPU
		Ad-Hoc|ARM = Ad-Hoc|ARM
		Ad-Hoc|iPhone = Ad-Hoc|iPhone
		Ad-Hoc|iPhoneSimulator = Ad-Hoc|iPhoneSimulator
		Ad-Hoc|x64 = Ad-Hoc|x64
		Ad-Hoc|x86 = Ad-Hoc|x86
		AppStore|Any CPU = AppStore|Any CPU
		AppStore|ARM = AppStore|ARM
		AppStore|iPhone = AppStore|iPhone
		AppStore|iPhoneSimulator = AppStore|iPhoneSimulator
		AppStore|x64 = AppStore|x64
		AppStore|x86 = AppStore|x86
		Debug|Any CPU = Debug|Any CPU
		Debug|ARM = Debug|ARM
		Debug|iPhone = Debug|iPhone
		Debug|iPhoneSimulator = Debug|iPhoneSimulator
		Debug|x64 = Debug|x64
		Debug|x86 = Debug|x86
		Release|Any CPU = Release|Any CPU
		Release|ARM = Release|ARM
		Release|iPhone = Release|iPhone
		Release|iPhoneSimulator = Release|iPhoneSimulator
		Release|x64 = Release|x64
		Release|x86 = Release|x86
	EndGlobalSection
	GlobalSection(ProjectConfigurationPlatforms) = postSolution
		{67F9D3A8-F71E-4428-913F-C37AE82CDB24}.Ad-Hoc|Any CPU.ActiveCfg = Release|Any CPU
		{67F9D3A8-F71E-4428-913F-C37AE82CDB24}.Ad-Hoc|Any CPU.Build.0 = Release|Any CPU
		{67F9D3A8-F71E-4428-913F-C37AE82CDB24}.Ad-Hoc|ARM.ActiveCfg = Release|Any CPU
		{67F9D3A8-F71E-4428-913F-C37AE82CDB24}.Ad-Hoc|ARM.Build.0 = Release|Any CPU
		{67F9D3A8-F71E-4428-913F-C37AE82CDB24}.Ad-Hoc|iPhone.ActiveCfg = Release|Any CPU
		{67F9D3A8-F71E-4428-913F-C37AE82CDB24}.Ad-Hoc|iPhone.Build.0 = Release|Any CPU
		{67F9D3A8-F71E-4428-913F-C37AE82CDB24}.Ad-Hoc|iPhoneSimulator.ActiveCfg = Release|Any CPU
		{67F9D3A8-F71E-4428-913F-C37AE82CDB24}.Ad-Hoc|iPhoneSimulator.Build.0 = Release|Any CPU
		{67F9D3A8-F71E-4428-913F-C37AE82CDB24}.Ad-Hoc|x64.ActiveCfg = Release|Any CPU
		{67F9D3A8-F71E-4428-913F-C37AE82CDB24}.Ad-Hoc|x64.Build.0 = Release|Any CPU
		{67F9D3A8-F71E-4428-913F-C37AE82CDB24}.Ad-Hoc|x86.ActiveCfg = Release|Any CPU
		{67F9D3A8-F71E-4428-913F-C37AE82CDB24}.Ad-Hoc|x86.Build.0 = Release|Any CPU
		{67F9D3A8-F71E-4428-913F-C37AE82CDB24}.AppStore|Any CPU.ActiveCfg = Release|Any CPU
		{67F9D3A8-F71E-4428-913F-C37AE82CDB24}.AppStore|Any CPU.Build.0 = Release|Any CPU
		{67F9D3A8-F71E-4428-913F-C37AE82CDB24}.AppStore|ARM.ActiveCfg = Release|Any CPU
		{67F9D3A8-F71E-4428-913F-C37AE82CDB24}.AppStore|ARM.Build.0 = Release|Any CPU
		{67F9D3A8-F71E-4428-913F-C37AE82CDB24}.AppStore|iPhone.ActiveCfg = Release|Any CPU
		{67F9D3A8-F71E-4428-913F-C37AE82CDB24}.AppStore|iPhone.Build.0 = Release|Any CPU
		{67F9D3A8-F71E-4428-913F-C37AE82CDB24}.AppStore|iPhoneSimulator.ActiveCfg = Release|Any CPU
		{67F9D3A8-F71E-4428-913F-C37AE82CDB24}.AppStore|iPhoneSimulator.Build.0 = Release|Any CPU
		{67F9D3A8-F71E-4428-913F-C37AE82CDB24}.AppStore|x64.ActiveCfg = Release|Any CPU
		{67F9D3A8-F71E-4428-913F-C37AE82CDB24}.AppStore|x64.Build.0 = Release|Any CPU
		{67F9D3A8-F71E-4428-913F-C37AE82CDB24}.AppStore|x86.ActiveCfg = Release|Any CPU
		{67F9D3A8-F71E-4428-913F-C37AE82CDB24}.AppStore|x86.Build.0 = Release|Any CPU
		{67F9D3A8-F71E-4428-913F-C37AE82CDB24}.Debug|Any CPU.ActiveCfg = Debug|Any CPU
		{67F9D3A8-F71E-4428-913F-C37AE82CDB24}.Debug|Any CPU.Build.0 = Debug|Any CPU
		{67F9D3A8-F71E-4428-913F-C37AE82CDB24}.Debug|ARM.ActiveCfg = Debug|Any CPU
		{67F9D3A8-F71E-4428-913F-C37AE82CDB24}.Debug|ARM.Build.0 = Debug|Any CPU
		{67F9D3A8-F71E-4428-913F-C37AE82CDB24}.Debug|iPhone.ActiveCfg = Debug|Any CPU
		{67F9D3A8-F71E-4428-913F-C37AE82CDB24}.Debug|iPhone.Build.0 = Debug|Any CPU
		{67F9D3A8-F71E-4428-913F-C37AE82CDB24}.Debug|iPhoneSimulator.ActiveCfg = Debug|Any CPU
		{67F9D3A8-F71E-4428-913F-C37AE82CDB24}.Debug|iPhoneSimulator.Build.0 = Debug|Any CPU
		{67F9D3A8-F71E-4428-913F-C37AE82CDB24}.Debug|x64.ActiveCfg = Debug|Any CPU
		{67F9D3A8-F71E-4428-913F-C37AE82CDB24}.Debug|x64.Build.0 = Debug|Any CPU
		{67F9D3A8-F71E-4428-913F-C37AE82CDB24}.Debug|x86.ActiveCfg = Debug|Any CPU
		{67F9D3A8-F71E-4428-913F-C37AE82CDB24}.Debug|x86.Build.0 = Debug|Any CPU
		{67F9D3A8-F71E-4428-913F-C37AE82CDB24}.Release|Any CPU.ActiveCfg = Release|Any CPU
		{67F9D3A8-F71E-4428-913F-C37AE82CDB24}.Release|Any CPU.Build.0 = Release|Any CPU
		{67F9D3A8-F71E-4428-913F-C37AE82CDB24}.Release|ARM.ActiveCfg = Release|Any CPU
		{67F9D3A8-F71E-4428-913F-C37AE82CDB24}.Release|ARM.Build.0 = Release|Any CPU
		{67F9D3A8-F71E-4428-913F-C37AE82CDB24}.Release|iPhone.ActiveCfg = Release|Any CPU
		{67F9D3A8-F71E-4428-913F-C37AE82CDB24}.Release|iPhone.Build.0 = Release|Any CPU
		{67F9D3A8-F71E-4428-913F-C37AE82CDB24}.Release|iPhoneSimulator.ActiveCfg = Release|Any CPU
		{67F9D3A8-F71E-4428-913F-C37AE82CDB24}.Release|iPhoneSimulator.Build.0 = Release|Any CPU
		{67F9D3A8-F71E-4428-913F-C37AE82CDB24}.Release|x64.ActiveCfg = Release|Any CPU
		{67F9D3A8-F71E-4428-913F-C37AE82CDB24}.Release|x64.Build.0 = Release|Any CPU
		{67F9D3A8-F71E-4428-913F-C37AE82CDB24}.Release|x86.ActiveCfg = Release|Any CPU
		{67F9D3A8-F71E-4428-913F-C37AE82CDB24}.Release|x86.Build.0 = Release|Any CPU
		{9C30FFDD-C392-48E9-938F-E883B84C079F}.Ad-Hoc|Any CPU.ActiveCfg = Release|Any CPU
		{9C30FFDD-C392-48E9-938F-E883B84C079F}.Ad-Hoc|Any CPU.Build.0 = Release|Any CPU
		{9C30FFDD-C392-48E9-938F-E883B84C079F}.Ad-Hoc|ARM.ActiveCfg = Release|Any CPU
		{9C30FFDD-C392-48E9-938F-E883B84C079F}.Ad-Hoc|ARM.Build.0 = Release|Any CPU
		{9C30FFDD-C392-48E9-938F-E883B84C079F}.Ad-Hoc|iPhone.ActiveCfg = Release|Any CPU
		{9C30FFDD-C392-48E9-938F-E883B84C079F}.Ad-Hoc|iPhone.Build.0 = Release|Any CPU
		{9C30FFDD-C392-48E9-938F-E883B84C079F}.Ad-Hoc|iPhoneSimulator.ActiveCfg = Release|Any CPU
		{9C30FFDD-C392-48E9-938F-E883B84C079F}.Ad-Hoc|iPhoneSimulator.Build.0 = Release|Any CPU
		{9C30FFDD-C392-48E9-938F-E883B84C079F}.Ad-Hoc|x64.ActiveCfg = Release|Any CPU
		{9C30FFDD-C392-48E9-938F-E883B84C079F}.Ad-Hoc|x64.Build.0 = Release|Any CPU
		{9C30FFDD-C392-48E9-938F-E883B84C079F}.Ad-Hoc|x86.ActiveCfg = Release|Any CPU
		{9C30FFDD-C392-48E9-938F-E883B84C079F}.Ad-Hoc|x86.Build.0 = Release|Any CPU
		{9C30FFDD-C392-48E9-938F-E883B84C079F}.AppStore|Any CPU.ActiveCfg = Release|Any CPU
		{9C30FFDD-C392-48E9-938F-E883B84C079F}.AppStore|Any CPU.Build.0 = Release|Any CPU
		{9C30FFDD-C392-48E9-938F-E883B84C079F}.AppStore|ARM.ActiveCfg = Release|Any CPU
		{9C30FFDD-C392-48E9-938F-E883B84C079F}.AppStore|ARM.Build.0 = Release|Any CPU
		{9C30FFDD-C392-48E9-938F-E883B84C079F}.AppStore|iPhone.ActiveCfg = Release|Any CPU
		{9C30FFDD-C392-48E9-938F-E883B84C079F}.AppStore|iPhone.Build.0 = Release|Any CPU
		{9C30FFDD-C392-48E9-938F-E883B84C079F}.AppStore|iPhoneSimulator.ActiveCfg = Release|Any CPU
		{9C30FFDD-C392-48E9-938F-E883B84C079F}.AppStore|iPhoneSimulator.Build.0 = Release|Any CPU
		{9C30FFDD-C392-48E9-938F-E883B84C079F}.AppStore|x64.ActiveCfg = Release|Any CPU
		{9C30FFDD-C392-48E9-938F-E883B84C079F}.AppStore|x64.Build.0 = Release|Any CPU
		{9C30FFDD-C392-48E9-938F-E883B84C079F}.AppStore|x86.ActiveCfg = Release|Any CPU
		{9C30FFDD-C392-48E9-938F-E883B84C079F}.AppStore|x86.Build.0 = Release|Any CPU
		{9C30FFDD-C392-48E9-938F-E883B84C079F}.Debug|Any CPU.ActiveCfg = Debug|Any CPU
		{9C30FFDD-C392-48E9-938F-E883B84C079F}.Debug|Any CPU.Build.0 = Debug|Any CPU
		{9C30FFDD-C392-48E9-938F-E883B84C079F}.Debug|ARM.ActiveCfg = Debug|Any CPU
		{9C30FFDD-C392-48E9-938F-E883B84C079F}.Debug|ARM.Build.0 = Debug|Any CPU
		{9C30FFDD-C392-48E9-938F-E883B84C079F}.Debug|iPhone.ActiveCfg = Debug|Any CPU
		{9C30FFDD-C392-48E9-938F-E883B84C079F}.Debug|iPhone.Build.0 = Debug|Any CPU
		{9C30FFDD-C392-48E9-938F-E883B84C079F}.Debug|iPhoneSimulator.ActiveCfg = Debug|Any CPU
		{9C30FFDD-C392-48E9-938F-E883B84C079F}.Debug|iPhoneSimulator.Build.0 = Debug|Any CPU
		{9C30FFDD-C392-48E9-938F-E883B84C079F}.Debug|x64.ActiveCfg = Debug|Any CPU
		{9C30FFDD-C392-48E9-938F-E883B84C079F}.Debug|x64.Build.0 = Debug|Any CPU
		{9C30FFDD-C392-48E9-938F-E883B84C079F}.Debug|x86.ActiveCfg = Debug|Any CPU
		{9C30FFDD-C392-48E9-938F-E883B84C079F}.Debug|x86.Build.0 = Debug|Any CPU
		{9C30FFDD-C392-48E9-938F-E883B84C079F}.Release|Any CPU.ActiveCfg = Release|Any CPU
		{9C30FFDD-C392-48E9-938F-E883B84C079F}.Release|Any CPU.Build.0 = Release|Any CPU
		{9C30FFDD-C392-48E9-938F-E883B84C079F}.Release|ARM.ActiveCfg = Release|Any CPU
		{9C30FFDD-C392-48E9-938F-E883B84C079F}.Release|ARM.Build.0 = Release|Any CPU
		{9C30FFDD-C392-48E9-938F-E883B84C079F}.Release|iPhone.ActiveCfg = Release|Any CPU
		{9C30FFDD-C392-48E9-938F-E883B84C079F}.Release|iPhone.Build.0 = Release|Any CPU
		{9C30FFDD-C392-48E9-938F-E883B84C079F}.Release|iPhoneSimulator.ActiveCfg = Release|Any CPU
		{9C30FFDD-C392-48E9-938F-E883B84C079F}.Release|iPhoneSimulator.Build.0 = Release|Any CPU
		{9C30FFDD-C392-48E9-938F-E883B84C079F}.Release|x64.ActiveCfg = Release|Any CPU
		{9C30FFDD-C392-48E9-938F-E883B84C079F}.Release|x64.Build.0 = Release|Any CPU
		{9C30FFDD-C392-48E9-938F-E883B84C079F}.Release|x86.ActiveCfg = Release|Any CPU
		{9C30FFDD-C392-48E9-938F-E883B84C079F}.Release|x86.Build.0 = Release|Any CPU
		{8C6B2018-0F78-4270-8CDC-616CD9528382}.Ad-Hoc|Any CPU.ActiveCfg = Release|Any CPU
		{8C6B2018-0F78-4270-8CDC-616CD9528382}.Ad-Hoc|Any CPU.Build.0 = Release|Any CPU
		{8C6B2018-0F78-4270-8CDC-616CD9528382}.Ad-Hoc|ARM.ActiveCfg = Release|Any CPU
		{8C6B2018-0F78-4270-8CDC-616CD9528382}.Ad-Hoc|ARM.Build.0 = Release|Any CPU
		{8C6B2018-0F78-4270-8CDC-616CD9528382}.Ad-Hoc|iPhone.ActiveCfg = Release|Any CPU
		{8C6B2018-0F78-4270-8CDC-616CD9528382}.Ad-Hoc|iPhone.Build.0 = Release|Any CPU
		{8C6B2018-0F78-4270-8CDC-616CD9528382}.Ad-Hoc|iPhoneSimulator.ActiveCfg = Release|Any CPU
		{8C6B2018-0F78-4270-8CDC-616CD9528382}.Ad-Hoc|iPhoneSimulator.Build.0 = Release|Any CPU
		{8C6B2018-0F78-4270-8CDC-616CD9528382}.Ad-Hoc|x64.ActiveCfg = Release|Any CPU
		{8C6B2018-0F78-4270-8CDC-616CD9528382}.Ad-Hoc|x64.Build.0 = Release|Any CPU
		{8C6B2018-0F78-4270-8CDC-616CD9528382}.Ad-Hoc|x86.ActiveCfg = Release|Any CPU
		{8C6B2018-0F78-4270-8CDC-616CD9528382}.Ad-Hoc|x86.Build.0 = Release|Any CPU
		{8C6B2018-0F78-4270-8CDC-616CD9528382}.AppStore|Any CPU.ActiveCfg = Release|Any CPU
		{8C6B2018-0F78-4270-8CDC-616CD9528382}.AppStore|Any CPU.Build.0 = Release|Any CPU
		{8C6B2018-0F78-4270-8CDC-616CD9528382}.AppStore|ARM.ActiveCfg = Release|Any CPU
		{8C6B2018-0F78-4270-8CDC-616CD9528382}.AppStore|ARM.Build.0 = Release|Any CPU
		{8C6B2018-0F78-4270-8CDC-616CD9528382}.AppStore|iPhone.ActiveCfg = Release|Any CPU
		{8C6B2018-0F78-4270-8CDC-616CD9528382}.AppStore|iPhone.Build.0 = Release|Any CPU
		{8C6B2018-0F78-4270-8CDC-616CD9528382}.AppStore|iPhoneSimulator.ActiveCfg = Release|Any CPU
		{8C6B2018-0F78-4270-8CDC-616CD9528382}.AppStore|iPhoneSimulator.Build.0 = Release|Any CPU
		{8C6B2018-0F78-4270-8CDC-616CD9528382}.AppStore|x64.ActiveCfg = Release|Any CPU
		{8C6B2018-0F78-4270-8CDC-616CD9528382}.AppStore|x64.Build.0 = Release|Any CPU
		{8C6B2018-0F78-4270-8CDC-616CD9528382}.AppStore|x86.ActiveCfg = Release|Any CPU
		{8C6B2018-0F78-4270-8CDC-616CD9528382}.AppStore|x86.Build.0 = Release|Any CPU
		{8C6B2018-0F78-4270-8CDC-616CD9528382}.Debug|Any CPU.ActiveCfg = Debug|Any CPU
		{8C6B2018-0F78-4270-8CDC-616CD9528382}.Debug|Any CPU.Build.0 = Debug|Any CPU
		{8C6B2018-0F78-4270-8CDC-616CD9528382}.Debug|ARM.ActiveCfg = Debug|Any CPU
		{8C6B2018-0F78-4270-8CDC-616CD9528382}.Debug|ARM.Build.0 = Debug|Any CPU
		{8C6B2018-0F78-4270-8CDC-616CD9528382}.Debug|iPhone.ActiveCfg = Debug|Any CPU
		{8C6B2018-0F78-4270-8CDC-616CD9528382}.Debug|iPhone.Build.0 = Debug|Any CPU
		{8C6B2018-0F78-4270-8CDC-616CD9528382}.Debug|iPhoneSimulator.ActiveCfg = Debug|Any CPU
		{8C6B2018-0F78-4270-8CDC-616CD9528382}.Debug|iPhoneSimulator.Build.0 = Debug|Any CPU
		{8C6B2018-0F78-4270-8CDC-616CD9528382}.Debug|x64.ActiveCfg = Debug|Any CPU
		{8C6B2018-0F78-4270-8CDC-616CD9528382}.Debug|x64.Build.0 = Debug|Any CPU
		{8C6B2018-0F78-4270-8CDC-616CD9528382}.Debug|x86.ActiveCfg = Debug|Any CPU
		{8C6B2018-0F78-4270-8CDC-616CD9528382}.Debug|x86.Build.0 = Debug|Any CPU
		{8C6B2018-0F78-4270-8CDC-616CD9528382}.Release|Any CPU.ActiveCfg = Release|Any CPU
		{8C6B2018-0F78-4270-8CDC-616CD9528382}.Release|Any CPU.Build.0 = Release|Any CPU
		{8C6B2018-0F78-4270-8CDC-616CD9528382}.Release|ARM.ActiveCfg = Release|Any CPU
		{8C6B2018-0F78-4270-8CDC-616CD9528382}.Release|ARM.Build.0 = Release|Any CPU
		{8C6B2018-0F78-4270-8CDC-616CD9528382}.Release|iPhone.ActiveCfg = Release|Any CPU
		{8C6B2018-0F78-4270-8CDC-616CD9528382}.Release|iPhone.Build.0 = Release|Any CPU
		{8C6B2018-0F78-4270-8CDC-616CD9528382}.Release|iPhoneSimulator.ActiveCfg = Release|Any CPU
		{8C6B2018-0F78-4270-8CDC-616CD9528382}.Release|iPhoneSimulator.Build.0 = Release|Any CPU
		{8C6B2018-0F78-4270-8CDC-616CD9528382}.Release|x64.ActiveCfg = Release|Any CPU
		{8C6B2018-0F78-4270-8CDC-616CD9528382}.Release|x64.Build.0 = Release|Any CPU
		{8C6B2018-0F78-4270-8CDC-616CD9528382}.Release|x86.ActiveCfg = Release|Any CPU
		{8C6B2018-0F78-4270-8CDC-616CD9528382}.Release|x86.Build.0 = Release|Any CPU
		{7D282FB8-315F-4F84-A659-518D986A276C}.Ad-Hoc|Any CPU.ActiveCfg = Release|Any CPU
		{7D282FB8-315F-4F84-A659-518D986A276C}.Ad-Hoc|Any CPU.Build.0 = Release|Any CPU
		{7D282FB8-315F-4F84-A659-518D986A276C}.Ad-Hoc|ARM.ActiveCfg = Release|Any CPU
		{7D282FB8-315F-4F84-A659-518D986A276C}.Ad-Hoc|ARM.Build.0 = Release|Any CPU
		{7D282FB8-315F-4F84-A659-518D986A276C}.Ad-Hoc|iPhone.ActiveCfg = Release|Any CPU
		{7D282FB8-315F-4F84-A659-518D986A276C}.Ad-Hoc|iPhone.Build.0 = Release|Any CPU
		{7D282FB8-315F-4F84-A659-518D986A276C}.Ad-Hoc|iPhoneSimulator.ActiveCfg = Release|Any CPU
		{7D282FB8-315F-4F84-A659-518D986A276C}.Ad-Hoc|iPhoneSimulator.Build.0 = Release|Any CPU
		{7D282FB8-315F-4F84-A659-518D986A276C}.Ad-Hoc|x64.ActiveCfg = Release|Any CPU
		{7D282FB8-315F-4F84-A659-518D986A276C}.Ad-Hoc|x64.Build.0 = Release|Any CPU
		{7D282FB8-315F-4F84-A659-518D986A276C}.Ad-Hoc|x86.ActiveCfg = Release|Any CPU
		{7D282FB8-315F-4F84-A659-518D986A276C}.Ad-Hoc|x86.Build.0 = Release|Any CPU
		{7D282FB8-315F-4F84-A659-518D986A276C}.AppStore|Any CPU.ActiveCfg = Release|Any CPU
		{7D282FB8-315F-4F84-A659-518D986A276C}.AppStore|Any CPU.Build.0 = Release|Any CPU
		{7D282FB8-315F-4F84-A659-518D986A276C}.AppStore|ARM.ActiveCfg = Release|Any CPU
		{7D282FB8-315F-4F84-A659-518D986A276C}.AppStore|ARM.Build.0 = Release|Any CPU
		{7D282FB8-315F-4F84-A659-518D986A276C}.AppStore|iPhone.ActiveCfg = Release|Any CPU
		{7D282FB8-315F-4F84-A659-518D986A276C}.AppStore|iPhone.Build.0 = Release|Any CPU
		{7D282FB8-315F-4F84-A659-518D986A276C}.AppStore|iPhoneSimulator.ActiveCfg = Release|Any CPU
		{7D282FB8-315F-4F84-A659-518D986A276C}.AppStore|iPhoneSimulator.Build.0 = Release|Any CPU
		{7D282FB8-315F-4F84-A659-518D986A276C}.AppStore|x64.ActiveCfg = Release|Any CPU
		{7D282FB8-315F-4F84-A659-518D986A276C}.AppStore|x64.Build.0 = Release|Any CPU
		{7D282FB8-315F-4F84-A659-518D986A276C}.AppStore|x86.ActiveCfg = Release|Any CPU
		{7D282FB8-315F-4F84-A659-518D986A276C}.AppStore|x86.Build.0 = Release|Any CPU
		{7D282FB8-315F-4F84-A659-518D986A276C}.Debug|Any CPU.ActiveCfg = Debug|Any CPU
		{7D282FB8-315F-4F84-A659-518D986A276C}.Debug|Any CPU.Build.0 = Debug|Any CPU
		{7D282FB8-315F-4F84-A659-518D986A276C}.Debug|ARM.ActiveCfg = Debug|Any CPU
		{7D282FB8-315F-4F84-A659-518D986A276C}.Debug|ARM.Build.0 = Debug|Any CPU
		{7D282FB8-315F-4F84-A659-518D986A276C}.Debug|iPhone.ActiveCfg = Debug|Any CPU
		{7D282FB8-315F-4F84-A659-518D986A276C}.Debug|iPhone.Build.0 = Debug|Any CPU
		{7D282FB8-315F-4F84-A659-518D986A276C}.Debug|iPhoneSimulator.ActiveCfg = Debug|Any CPU
		{7D282FB8-315F-4F84-A659-518D986A276C}.Debug|iPhoneSimulator.Build.0 = Debug|Any CPU
		{7D282FB8-315F-4F84-A659-518D986A276C}.Debug|x64.ActiveCfg = Debug|Any CPU
		{7D282FB8-315F-4F84-A659-518D986A276C}.Debug|x64.Build.0 = Debug|Any CPU
		{7D282FB8-315F-4F84-A659-518D986A276C}.Debug|x86.ActiveCfg = Debug|Any CPU
		{7D282FB8-315F-4F84-A659-518D986A276C}.Debug|x86.Build.0 = Debug|Any CPU
		{7D282FB8-315F-4F84-A659-518D986A276C}.Release|Any CPU.ActiveCfg = Release|Any CPU
		{7D282FB8-315F-4F84-A659-518D986A276C}.Release|Any CPU.Build.0 = Release|Any CPU
		{7D282FB8-315F-4F84-A659-518D986A276C}.Release|ARM.ActiveCfg = Release|Any CPU
		{7D282FB8-315F-4F84-A659-518D986A276C}.Release|ARM.Build.0 = Release|Any CPU
		{7D282FB8-315F-4F84-A659-518D986A276C}.Release|iPhone.ActiveCfg = Release|Any CPU
		{7D282FB8-315F-4F84-A659-518D986A276C}.Release|iPhone.Build.0 = Release|Any CPU
		{7D282FB8-315F-4F84-A659-518D986A276C}.Release|iPhoneSimulator.ActiveCfg = Release|Any CPU
		{7D282FB8-315F-4F84-A659-518D986A276C}.Release|iPhoneSimulator.Build.0 = Release|Any CPU
		{7D282FB8-315F-4F84-A659-518D986A276C}.Release|x64.ActiveCfg = Release|Any CPU
		{7D282FB8-315F-4F84-A659-518D986A276C}.Release|x64.Build.0 = Release|Any CPU
		{7D282FB8-315F-4F84-A659-518D986A276C}.Release|x86.ActiveCfg = Release|Any CPU
		{7D282FB8-315F-4F84-A659-518D986A276C}.Release|x86.Build.0 = Release|Any CPU
		{92BC8FA9-805F-4F81-A7EA-333EC5CCB41F}.Ad-Hoc|Any CPU.ActiveCfg = Release|Any CPU
		{92BC8FA9-805F-4F81-A7EA-333EC5CCB41F}.Ad-Hoc|Any CPU.Build.0 = Release|Any CPU
		{92BC8FA9-805F-4F81-A7EA-333EC5CCB41F}.Ad-Hoc|Any CPU.Deploy.0 = Release|Any CPU
		{92BC8FA9-805F-4F81-A7EA-333EC5CCB41F}.Ad-Hoc|ARM.ActiveCfg = Release|Any CPU
		{92BC8FA9-805F-4F81-A7EA-333EC5CCB41F}.Ad-Hoc|ARM.Build.0 = Release|Any CPU
		{92BC8FA9-805F-4F81-A7EA-333EC5CCB41F}.Ad-Hoc|ARM.Deploy.0 = Release|Any CPU
		{92BC8FA9-805F-4F81-A7EA-333EC5CCB41F}.Ad-Hoc|iPhone.ActiveCfg = Release|Any CPU
		{92BC8FA9-805F-4F81-A7EA-333EC5CCB41F}.Ad-Hoc|iPhone.Build.0 = Release|Any CPU
		{92BC8FA9-805F-4F81-A7EA-333EC5CCB41F}.Ad-Hoc|iPhone.Deploy.0 = Release|Any CPU
		{92BC8FA9-805F-4F81-A7EA-333EC5CCB41F}.Ad-Hoc|iPhoneSimulator.ActiveCfg = Release|Any CPU
		{92BC8FA9-805F-4F81-A7EA-333EC5CCB41F}.Ad-Hoc|iPhoneSimulator.Build.0 = Release|Any CPU
		{92BC8FA9-805F-4F81-A7EA-333EC5CCB41F}.Ad-Hoc|iPhoneSimulator.Deploy.0 = Release|Any CPU
		{92BC8FA9-805F-4F81-A7EA-333EC5CCB41F}.Ad-Hoc|x64.ActiveCfg = Release|Any CPU
		{92BC8FA9-805F-4F81-A7EA-333EC5CCB41F}.Ad-Hoc|x64.Build.0 = Release|Any CPU
		{92BC8FA9-805F-4F81-A7EA-333EC5CCB41F}.Ad-Hoc|x64.Deploy.0 = Release|Any CPU
		{92BC8FA9-805F-4F81-A7EA-333EC5CCB41F}.Ad-Hoc|x86.ActiveCfg = Release|Any CPU
		{92BC8FA9-805F-4F81-A7EA-333EC5CCB41F}.Ad-Hoc|x86.Build.0 = Release|Any CPU
		{92BC8FA9-805F-4F81-A7EA-333EC5CCB41F}.Ad-Hoc|x86.Deploy.0 = Release|Any CPU
		{92BC8FA9-805F-4F81-A7EA-333EC5CCB41F}.AppStore|Any CPU.ActiveCfg = Release|Any CPU
		{92BC8FA9-805F-4F81-A7EA-333EC5CCB41F}.AppStore|Any CPU.Build.0 = Release|Any CPU
		{92BC8FA9-805F-4F81-A7EA-333EC5CCB41F}.AppStore|Any CPU.Deploy.0 = Release|Any CPU
		{92BC8FA9-805F-4F81-A7EA-333EC5CCB41F}.AppStore|ARM.ActiveCfg = Release|Any CPU
		{92BC8FA9-805F-4F81-A7EA-333EC5CCB41F}.AppStore|ARM.Build.0 = Release|Any CPU
		{92BC8FA9-805F-4F81-A7EA-333EC5CCB41F}.AppStore|ARM.Deploy.0 = Release|Any CPU
		{92BC8FA9-805F-4F81-A7EA-333EC5CCB41F}.AppStore|iPhone.ActiveCfg = Release|Any CPU
		{92BC8FA9-805F-4F81-A7EA-333EC5CCB41F}.AppStore|iPhone.Build.0 = Release|Any CPU
		{92BC8FA9-805F-4F81-A7EA-333EC5CCB41F}.AppStore|iPhone.Deploy.0 = Release|Any CPU
		{92BC8FA9-805F-4F81-A7EA-333EC5CCB41F}.AppStore|iPhoneSimulator.ActiveCfg = Release|Any CPU
		{92BC8FA9-805F-4F81-A7EA-333EC5CCB41F}.AppStore|iPhoneSimulator.Build.0 = Release|Any CPU
		{92BC8FA9-805F-4F81-A7EA-333EC5CCB41F}.AppStore|iPhoneSimulator.Deploy.0 = Release|Any CPU
		{92BC8FA9-805F-4F81-A7EA-333EC5CCB41F}.AppStore|x64.ActiveCfg = Release|Any CPU
		{92BC8FA9-805F-4F81-A7EA-333EC5CCB41F}.AppStore|x64.Build.0 = Release|Any CPU
		{92BC8FA9-805F-4F81-A7EA-333EC5CCB41F}.AppStore|x64.Deploy.0 = Release|Any CPU
		{92BC8FA9-805F-4F81-A7EA-333EC5CCB41F}.AppStore|x86.ActiveCfg = Release|Any CPU
		{92BC8FA9-805F-4F81-A7EA-333EC5CCB41F}.AppStore|x86.Build.0 = Release|Any CPU
		{92BC8FA9-805F-4F81-A7EA-333EC5CCB41F}.AppStore|x86.Deploy.0 = Release|Any CPU
		{92BC8FA9-805F-4F81-A7EA-333EC5CCB41F}.Debug|Any CPU.ActiveCfg = Debug|Any CPU
		{92BC8FA9-805F-4F81-A7EA-333EC5CCB41F}.Debug|Any CPU.Build.0 = Debug|Any CPU
		{92BC8FA9-805F-4F81-A7EA-333EC5CCB41F}.Debug|Any CPU.Deploy.0 = Debug|Any CPU
		{92BC8FA9-805F-4F81-A7EA-333EC5CCB41F}.Debug|ARM.ActiveCfg = Debug|Any CPU
		{92BC8FA9-805F-4F81-A7EA-333EC5CCB41F}.Debug|ARM.Build.0 = Debug|Any CPU
		{92BC8FA9-805F-4F81-A7EA-333EC5CCB41F}.Debug|ARM.Deploy.0 = Debug|Any CPU
		{92BC8FA9-805F-4F81-A7EA-333EC5CCB41F}.Debug|iPhone.ActiveCfg = Debug|Any CPU
		{92BC8FA9-805F-4F81-A7EA-333EC5CCB41F}.Debug|iPhone.Build.0 = Debug|Any CPU
		{92BC8FA9-805F-4F81-A7EA-333EC5CCB41F}.Debug|iPhone.Deploy.0 = Debug|Any CPU
		{92BC8FA9-805F-4F81-A7EA-333EC5CCB41F}.Debug|iPhoneSimulator.ActiveCfg = Debug|Any CPU
		{92BC8FA9-805F-4F81-A7EA-333EC5CCB41F}.Debug|iPhoneSimulator.Build.0 = Debug|Any CPU
		{92BC8FA9-805F-4F81-A7EA-333EC5CCB41F}.Debug|iPhoneSimulator.Deploy.0 = Debug|Any CPU
		{92BC8FA9-805F-4F81-A7EA-333EC5CCB41F}.Debug|x64.ActiveCfg = Debug|Any CPU
		{92BC8FA9-805F-4F81-A7EA-333EC5CCB41F}.Debug|x64.Build.0 = Debug|Any CPU
		{92BC8FA9-805F-4F81-A7EA-333EC5CCB41F}.Debug|x64.Deploy.0 = Debug|Any CPU
		{92BC8FA9-805F-4F81-A7EA-333EC5CCB41F}.Debug|x86.ActiveCfg = Debug|Any CPU
		{92BC8FA9-805F-4F81-A7EA-333EC5CCB41F}.Debug|x86.Build.0 = Debug|Any CPU
		{92BC8FA9-805F-4F81-A7EA-333EC5CCB41F}.Debug|x86.Deploy.0 = Debug|Any CPU
		{92BC8FA9-805F-4F81-A7EA-333EC5CCB41F}.Release|Any CPU.ActiveCfg = Release|Any CPU
		{92BC8FA9-805F-4F81-A7EA-333EC5CCB41F}.Release|Any CPU.Build.0 = Release|Any CPU
		{92BC8FA9-805F-4F81-A7EA-333EC5CCB41F}.Release|Any CPU.Deploy.0 = Release|Any CPU
		{92BC8FA9-805F-4F81-A7EA-333EC5CCB41F}.Release|ARM.ActiveCfg = Release|Any CPU
		{92BC8FA9-805F-4F81-A7EA-333EC5CCB41F}.Release|ARM.Build.0 = Release|Any CPU
		{92BC8FA9-805F-4F81-A7EA-333EC5CCB41F}.Release|ARM.Deploy.0 = Release|Any CPU
		{92BC8FA9-805F-4F81-A7EA-333EC5CCB41F}.Release|iPhone.ActiveCfg = Release|Any CPU
		{92BC8FA9-805F-4F81-A7EA-333EC5CCB41F}.Release|iPhone.Build.0 = Release|Any CPU
		{92BC8FA9-805F-4F81-A7EA-333EC5CCB41F}.Release|iPhone.Deploy.0 = Release|Any CPU
		{92BC8FA9-805F-4F81-A7EA-333EC5CCB41F}.Release|iPhoneSimulator.ActiveCfg = Release|Any CPU
		{92BC8FA9-805F-4F81-A7EA-333EC5CCB41F}.Release|iPhoneSimulator.Build.0 = Release|Any CPU
		{92BC8FA9-805F-4F81-A7EA-333EC5CCB41F}.Release|iPhoneSimulator.Deploy.0 = Release|Any CPU
		{92BC8FA9-805F-4F81-A7EA-333EC5CCB41F}.Release|x64.ActiveCfg = Release|Any CPU
		{92BC8FA9-805F-4F81-A7EA-333EC5CCB41F}.Release|x64.Build.0 = Release|Any CPU
		{92BC8FA9-805F-4F81-A7EA-333EC5CCB41F}.Release|x64.Deploy.0 = Release|Any CPU
		{92BC8FA9-805F-4F81-A7EA-333EC5CCB41F}.Release|x86.ActiveCfg = Release|Any CPU
		{92BC8FA9-805F-4F81-A7EA-333EC5CCB41F}.Release|x86.Build.0 = Release|Any CPU
		{92BC8FA9-805F-4F81-A7EA-333EC5CCB41F}.Release|x86.Deploy.0 = Release|Any CPU
		{217CBD70-AF82-4FC5-9CD4-7BC51090DAF6}.Ad-Hoc|Any CPU.ActiveCfg = Ad-Hoc|iPhone
		{217CBD70-AF82-4FC5-9CD4-7BC51090DAF6}.Ad-Hoc|ARM.ActiveCfg = Ad-Hoc|iPhone
		{217CBD70-AF82-4FC5-9CD4-7BC51090DAF6}.Ad-Hoc|iPhone.ActiveCfg = Ad-Hoc|iPhone
		{217CBD70-AF82-4FC5-9CD4-7BC51090DAF6}.Ad-Hoc|iPhone.Build.0 = Ad-Hoc|iPhone
		{217CBD70-AF82-4FC5-9CD4-7BC51090DAF6}.Ad-Hoc|iPhoneSimulator.ActiveCfg = Ad-Hoc|iPhoneSimulator
		{217CBD70-AF82-4FC5-9CD4-7BC51090DAF6}.Ad-Hoc|iPhoneSimulator.Build.0 = Ad-Hoc|iPhoneSimulator
		{217CBD70-AF82-4FC5-9CD4-7BC51090DAF6}.Ad-Hoc|x64.ActiveCfg = Ad-Hoc|iPhone
		{217CBD70-AF82-4FC5-9CD4-7BC51090DAF6}.Ad-Hoc|x86.ActiveCfg = Ad-Hoc|iPhone
		{217CBD70-AF82-4FC5-9CD4-7BC51090DAF6}.AppStore|Any CPU.ActiveCfg = AppStore|iPhone
		{217CBD70-AF82-4FC5-9CD4-7BC51090DAF6}.AppStore|ARM.ActiveCfg = AppStore|iPhone
		{217CBD70-AF82-4FC5-9CD4-7BC51090DAF6}.AppStore|iPhone.ActiveCfg = AppStore|iPhone
		{217CBD70-AF82-4FC5-9CD4-7BC51090DAF6}.AppStore|iPhone.Build.0 = AppStore|iPhone
		{217CBD70-AF82-4FC5-9CD4-7BC51090DAF6}.AppStore|iPhoneSimulator.ActiveCfg = AppStore|iPhoneSimulator
		{217CBD70-AF82-4FC5-9CD4-7BC51090DAF6}.AppStore|iPhoneSimulator.Build.0 = AppStore|iPhoneSimulator
		{217CBD70-AF82-4FC5-9CD4-7BC51090DAF6}.AppStore|x64.ActiveCfg = AppStore|iPhone
		{217CBD70-AF82-4FC5-9CD4-7BC51090DAF6}.AppStore|x86.ActiveCfg = AppStore|iPhone
		{217CBD70-AF82-4FC5-9CD4-7BC51090DAF6}.Debug|Any CPU.ActiveCfg = Debug|iPhone
		{217CBD70-AF82-4FC5-9CD4-7BC51090DAF6}.Debug|ARM.ActiveCfg = Debug|iPhone
		{217CBD70-AF82-4FC5-9CD4-7BC51090DAF6}.Debug|iPhone.ActiveCfg = Debug|iPhone
		{217CBD70-AF82-4FC5-9CD4-7BC51090DAF6}.Debug|iPhone.Build.0 = Debug|iPhone
		{217CBD70-AF82-4FC5-9CD4-7BC51090DAF6}.Debug|iPhoneSimulator.ActiveCfg = Debug|iPhoneSimulator
		{217CBD70-AF82-4FC5-9CD4-7BC51090DAF6}.Debug|iPhoneSimulator.Build.0 = Debug|iPhoneSimulator
		{217CBD70-AF82-4FC5-9CD4-7BC51090DAF6}.Debug|x64.ActiveCfg = Debug|iPhone
		{217CBD70-AF82-4FC5-9CD4-7BC51090DAF6}.Debug|x86.ActiveCfg = Debug|iPhone
		{217CBD70-AF82-4FC5-9CD4-7BC51090DAF6}.Release|Any CPU.ActiveCfg = Release|iPhone
		{217CBD70-AF82-4FC5-9CD4-7BC51090DAF6}.Release|ARM.ActiveCfg = Release|iPhone
		{217CBD70-AF82-4FC5-9CD4-7BC51090DAF6}.Release|iPhone.ActiveCfg = Release|iPhone
		{217CBD70-AF82-4FC5-9CD4-7BC51090DAF6}.Release|iPhone.Build.0 = Release|iPhone
		{217CBD70-AF82-4FC5-9CD4-7BC51090DAF6}.Release|iPhoneSimulator.ActiveCfg = Release|iPhoneSimulator
		{217CBD70-AF82-4FC5-9CD4-7BC51090DAF6}.Release|iPhoneSimulator.Build.0 = Release|iPhoneSimulator
		{217CBD70-AF82-4FC5-9CD4-7BC51090DAF6}.Release|x64.ActiveCfg = Release|iPhone
		{217CBD70-AF82-4FC5-9CD4-7BC51090DAF6}.Release|x86.ActiveCfg = Release|iPhone
	EndGlobalSection
	GlobalSection(SolutionProperties) = preSolution
		HideSolutionNode = FALSE
	EndGlobalSection
	GlobalSection(NestedProjects) = preSolution
		{7D282FB8-315F-4F84-A659-518D986A276C} = {BB00FD5C-CF7D-41D0-8B46-FEB23C9A1535}
		{92BC8FA9-805F-4F81-A7EA-333EC5CCB41F} = {BB00FD5C-CF7D-41D0-8B46-FEB23C9A1535}
		{217CBD70-AF82-4FC5-9CD4-7BC51090DAF6} = {BB00FD5C-CF7D-41D0-8B46-FEB23C9A1535}
	EndGlobalSection
EndGlobal
